{
  "originHash" : "3246de7a5e461a53c963691dfe9ab7a24f4f234a80fc0958e1bb5a78e445d0c2",
  "pins" : [
    {
      "identity" : "strada-ios",
      "kind" : "remoteSourceControl",
      "location" : "https://github.com/hotwired/strada-ios.git",
      "state" : {
        "branch" : "main",
        "revision" : "3f8e6a0a07d2361bb3a64a6e6a945124eed20ccf"
      }
    }
  ],
  "version" : 3
}
